{
  "name": "static",
  "lockfileVersion": 2,
  "requires": true,
  "packages": {
    "": {
      "dependencies": {
        "monaco-editor": "^0.33.0",
        "slim-select": "^1.27.1",
        "sweetalert2": "^11.4.10"
      }
    },
    "node_modules/monaco-editor": {
      "version": "0.33.0",
      "resolved": "https://registry.npmjs.org/monaco-editor/-/monaco-editor-0.33.0.tgz",
      "integrity": "sha512-VcRWPSLIUEgQJQIE0pVT8FcGBIgFoxz7jtqctE+IiCxWugD0DwgyQBcZBhdSrdMC84eumoqMZsGl2GTreOzwqw=="
    },
    "node_modules/slim-select": {
      "version": "1.27.1",
      "resolved": "https://registry.npmjs.org/slim-select/-/slim-select-1.27.1.tgz",
      "integrity": "sha512-LvJ02cKKk6/jSHIcQv7dZwkQSXHLCVQR3v3lo8RJUssUUcmKPkpBmTpQ8au8KSMkxwca9+yeg+dO0iHAaVr5Aw==",
      "engines": {
        "node": ">=8"
      }
    },
    "node_modules/sweetalert2": {
      "version": "11.4.10",
      "resolved": "https://registry.npmjs.org/sweetalert2/-/sweetalert2-11.4.10.tgz",
      "integrity": "sha512-Ms3mryLA/c5+llHNY0I9KXU8bv0N1a874gZr7xMPOiSnLD9veHZA92nZvJOkuN1hrdcR8kyj4IN8tBxlAIjVww==",
      "funding": {
        "type": "individual",
        "url": "https://sweetalert2.github.io/#donations"
      }
    }
  },
  "dependencies": {
    "monaco-editor": {
      "version": "0.33.0",
      "resolved": "https://registry.npmjs.org/monaco-editor/-/monaco-editor-0.33.0.tgz",
      "integrity": "sha512-VcRWPSLIUEgQJQIE0pVT8FcGBIgFoxz7jtqctE+IiCxWugD0DwgyQBcZBhdSrdMC84eumoqMZsGl2GTreOzwqw=="
    },
    "slim-select": {
      "version": "1.27.1",
      "resolved": "https://registry.npmjs.org/slim-select/-/slim-select-1.27.1.tgz",
      "integrity": "sha512-LvJ02cKKk6/jSHIcQv7dZwkQSXHLCVQR3v3lo8RJUssUUcmKPkpBmTpQ8au8KSMkxwca9+yeg+dO0iHAaVr5Aw=="
    },
    "sweetalert2": {
      "version": "11.4.10",
      "resolved": "https://registry.npmjs.org/sweetalert2/-/sweetalert2-11.4.10.tgz",
      "integrity": "sha512-Ms3mryLA/c5+llHNY0I9KXU8bv0N1a874gZr7xMPOiSnLD9veHZA92nZvJOkuN1hrdcR8kyj4IN8tBxlAIjVww=="
    }
  }
}
